
Microsoft Visual Studio Solution File, Format Version 12.00
# Visual Studio 15
VisualStudioVersion = 15.0.27703.2018
MinimumVisualStudioVersion = 10.0.40219.1
Project("{FAE04EC0-301F-11D3-BF4B-00C04F79EFBC}") = "Constants", "Constants\Constants.csproj", "{4353626D-2036-4224-A1B7-2E1E68493F21}"
EndProject
Global
	GlobalSection(SolutionConfigurationPlatforms) = preSolution
		Debug|Any CPU = Debug|Any CPU
		Release|Any CPU = Release|Any CPU
	EndGlobalSection
	GlobalSection(ProjectConfigurationPlatforms) = postSolution
		{4353626D-2036-4224-A1B7-2E1E68493F21}.Debug|Any CPU.ActiveCfg = Debug|Any CPU
		{4353626D-2036-4224-A1B7-2E1E68493F21}.Debug|Any CPU.Build.0 = Debug|Any CPU
		{4353626D-2036-4224-A1B7-2E1E68493F21}.Release|Any CPU.ActiveCfg = Release|Any CPU
		{4353626D-2036-4224-A1B7-2E1E68493F21}.Release|Any CPU.Build.0 = Release|Any CPU
	EndGlobalSection
	GlobalSection(SolutionProperties) = preSolution
		HideSolutionNode = FALSE
	EndGlobalSection
	GlobalSection(ExtensibilityGlobals) = postSolution
		SolutionGuid = {3F7A7D4F-504A-4522-A024-5F68A321854B}
	EndGlobalSection
EndGlobal
